<?xml version="1.0" encoding="utf-8"?>
<Project ToolsVersion="4.0" xmlns="http://schemas.microsoft.com/developer/msbuild/2003">
  <ItemGroup>
    <Filter Include="Source Files">
      <UniqueIdentifier>{4FC737F1-C7A5-4376-A066-2A32D752A2FF}</UniqueIdentifier>
      <Extensions>cpp;c;cc;cxx;def;odl;idl;hpj;bat;asm;asmx</Extensions>
    </Filter>
    <Filter Include="Header Files">
      <UniqueIdentifier>{93995380-89BD-4b04-88EB-625FBE52EBFB}</UniqueIdentifier>
      <Extensions>h;hh;hpp;hxx;hm;inl;inc;xsd</Extensions>
    </Filter>
    <Filter Include="Resource Files">
      <UniqueIdentifier>{67DA6AB6-F800-4c08-8B7A-83BB121AAD01}</UniqueIdentifier>
      <Extensions>rc;ico;cur;bmp;dlg;rc2;rct;bin;rgs;gif;jpg;jpeg;jpe;resx;tiff;tif;png;wav</Extensions>
    </Filter>
  </ItemGroup>
  <ItemGroup>
    <ClCompile Include="src\Brick.cpp">
      <Filter>Source Files</Filter>
    </ClCompile>
    <ClCompile Include="src\BrickProperties.cpp">
      <Filter>Source Files</Filter>
    </ClCompile>
    <ClCompile Include="src\Camera.cpp">
      <Filter>Source Files</Filter>
    </ClCompile>
    <ClCompile Include="src\Gainer.cpp">
      <Filter>Source Files</Filter>
    </ClCompile>
    <ClCompile Include="src\IMessager.cpp">
      <Filter>Source Files</Filter>
    </ClCompile>
    <ClCompile Include="src\main.cpp">
      <Filter>Source Files</Filter>
    </ClCompile>
    <ClCompile Include="src\MainBrickHandler.cpp">
      <Filter>Source Files</Filter>
    </ClCompile>
    <ClCompile Include="src\MapObject.cpp">
      <Filter>Source Files</Filter>
    </ClCompile>
    <ClCompile Include="src\MessagePack.cpp">
      <Filter>Source Files</Filter>
    </ClCompile>
    <ClCompile Include="src\MouseHandler.cpp">
      <Filter>Source Files</Filter>
    </ClCompile>
    <ClCompile Include="src\Object.cpp">
      <Filter>Source Files</Filter>
    </ClCompile>
    <ClCompile Include="src\Obstacle.cpp">
      <Filter>Source Files</Filter>
    </ClCompile>
    <ClCompile Include="src\RandomPositionGenerator.cpp">
      <Filter>Source Files</Filter>
    </ClCompile>
    <ClCompile Include="src\RotaryCounter.cpp">
      <Filter>Source Files</Filter>
    </ClCompile>
    <ClCompile Include="src\ShapeGenerator.cpp">
      <Filter>Source Files</Filter>
    </ClCompile>
    <ClCompile Include="src\SnakeAbilities.cpp">
      <Filter>Source Files</Filter>
    </ClCompile>
    <ClCompile Include="src\SnakeBody.cpp">
      <Filter>Source Files</Filter>
    </ClCompile>
    <ClCompile Include="src\StringHandler.cpp">
      <Filter>Source Files</Filter>
    </ClCompile>
    <ClCompile Include="src\Texture.cpp">
      <Filter>Source Files</Filter>
    </ClCompile>
    <ClCompile Include="src\Vectorf.cpp">
      <Filter>Source Files</Filter>
    </ClCompile>
    <ClCompile Include="src\gamestage\GameStage.cpp">
      <Filter>Source Files</Filter>
    </ClCompile>
    <ClCompile Include="src\gamestage\GameStageStaticWrapper.cpp">
      <Filter>Source Files</Filter>
    </ClCompile>
    <ClCompile Include="src\gamestage\GameStateManager.cpp">
      <Filter>Source Files</Filter>
    </ClCompile>
    <ClCompile Include="src\gamestage\StageDeathCause.cpp">
      <Filter>Source Files</Filter>
    </ClCompile>
    <ClCompile Include="src\gamestage\StageGame.cpp">
      <Filter>Source Files</Filter>
    </ClCompile>
    <ClCompile Include="src\gamestage\StageIntro.cpp">
      <Filter>Source Files</Filter>
    </ClCompile>
    <ClCompile Include="src\gamestage\StageMenu.cpp">
      <Filter>Source Files</Filter>
    </ClCompile>
    <ClCompile Include="src\gamestage\StageOutro.cpp">
      <Filter>Source Files</Filter>
    </ClCompile>
    <ClCompile Include="src\gui\FlickeringColor.cpp">
      <Filter>Source Files</Filter>
    </ClCompile>
    <ClCompile Include="src\gui\SelectableTexturedButton.cpp">
      <Filter>Source Files</Filter>
    </ClCompile>
    <ClCompile Include="src\gui\SelfStabilizingRotator.cpp">
      <Filter>Source Files</Filter>
    </ClCompile>
    <ClCompile Include="src\gui\StringDrawer.cpp">
      <Filter>Source Files</Filter>
    </ClCompile>
    <ClCompile Include="src\gui\TextInFrame.cpp">
      <Filter>Source Files</Filter>
    </ClCompile>
    <ClCompile Include="src\highscore\HighscoreHandler.cpp">
      <Filter>Source Files</Filter>
    </ClCompile>
  </ItemGroup>
  <ItemGroup>
    <ClInclude Include="src\Brick.h">
      <Filter>Header Files</Filter>
    </ClInclude>
    <ClInclude Include="src\BrickProperties.h">
      <Filter>Header Files</Filter>
    </ClInclude>
    <ClInclude Include="src\Camera.h">
      <Filter>Header Files</Filter>
    </ClInclude>
    <ClInclude Include="src\Colors.h">
      <Filter>Header Files</Filter>
    </ClInclude>
    <ClInclude Include="src\Gainer.h">
      <Filter>Header Files</Filter>
    </ClInclude>
    <ClInclude Include="src\IMessager.h">
      <Filter>Header Files</Filter>
    </ClInclude>
    <ClInclude Include="src\MainBrickHandler.h">
      <Filter>Header Files</Filter>
    </ClInclude>
    <ClInclude Include="src\MapObject.h">
      <Filter>Header Files</Filter>
    </ClInclude>
    <ClInclude Include="src\MessagePack.h">
      <Filter>Header Files</Filter>
    </ClInclude>
    <ClInclude Include="src\MouseHandler.h">
      <Filter>Header Files</Filter>
    </ClInclude>
    <ClInclude Include="src\Object.h">
      <Filter>Header Files</Filter>
    </ClInclude>
    <ClInclude Include="src\Obstacle.h">
      <Filter>Header Files</Filter>
    </ClInclude>
    <ClInclude Include="src\RandomPositionGenerator.h">
      <Filter>Header Files</Filter>
    </ClInclude>
    <ClInclude Include="src\RotaryCounter.h">
      <Filter>Header Files</Filter>
    </ClInclude>
    <ClInclude Include="src\ShapeGenerator.h">
      <Filter>Header Files</Filter>
    </ClInclude>
    <ClInclude Include="src\SnakeAbilities.h">
      <Filter>Header Files</Filter>
    </ClInclude>
    <ClInclude Include="src\SnakeBody.h">
      <Filter>Header Files</Filter>
    </ClInclude>
    <ClInclude Include="src\StringHandler.h">
      <Filter>Header Files</Filter>
    </ClInclude>
    <ClInclude Include="src\Texture.h">
      <Filter>Header Files</Filter>
    </ClInclude>
    <ClInclude Include="src\Vectorf.h">
      <Filter>Header Files</Filter>
    </ClInclude>
    <ClInclude Include="src\gamestage\GameStage.h">
      <Filter>Header Files</Filter>
    </ClInclude>
    <ClInclude Include="src\gamestage\GameStageStaticWrapper.h">
      <Filter>Header Files</Filter>
    </ClInclude>
    <ClInclude Include="src\gamestage\GameStateManager.h">
      <Filter>Header Files</Filter>
    </ClInclude>
    <ClInclude Include="src\gamestage\StageDeathCause.h">
      <Filter>Header Files</Filter>
    </ClInclude>
    <ClInclude Include="src\gamestage\StageGame.h">
      <Filter>Header Files</Filter>
    </ClInclude>
    <ClInclude Include="src\gamestage\StageIntro.h">
      <Filter>Header Files</Filter>
    </ClInclude>
    <ClInclude Include="src\gamestage\StageMenu.h">
      <Filter>Header Files</Filter>
    </ClInclude>
    <ClInclude Include="src\gamestage\StageOutro.h">
      <Filter>Header Files</Filter>
    </ClInclude>
    <ClInclude Include="src\gamestage\GameStageEnum.hpp">
      <Filter>Header Files</Filter>
    </ClInclude>
    <ClInclude Include="src\gamestage\PropertiesEnumerations.hpp">
      <Filter>Header Files</Filter>
    </ClInclude>
    <ClInclude Include="src\gui\FlickeringColor.h">
      <Filter>Header Files</Filter>
    </ClInclude>
    <ClInclude Include="src\gui\SelectableTexturedButton.h">
      <Filter>Header Files</Filter>
    </ClInclude>
    <ClInclude Include="src\gui\SelfStabilizingRotator.h">
      <Filter>Header Files</Filter>
    </ClInclude>
    <ClInclude Include="src\gui\StringDrawer.h">
      <Filter>Header Files</Filter>
    </ClInclude>
    <ClInclude Include="src\gui\TextInFrame.h">
      <Filter>Header Files</Filter>
    </ClInclude>
    <ClInclude Include="src\highscore\HighscoreHandler.h">
      <Filter>Header Files</Filter>
    </ClInclude>
    <ClInclude Include="src\highscore\rapidxml\rapidxml.hpp">
      <Filter>Header Files</Filter>
    </ClInclude>
    <ClInclude Include="src\highscore\rapidxml\rapidxml_iterators.hpp">
      <Filter>Header Files</Filter>
    </ClInclude>
    <ClInclude Include="src\highscore\rapidxml\rapidxml_print.hpp">
      <Filter>Header Files</Filter>
    </ClInclude>
    <ClInclude Include="src\highscore\rapidxml\rapidxml_utils.hpp">
      <Filter>Header Files</Filter>
    </ClInclude>
    <ClInclude Include="external\GL\glew.h">
      <Filter>Header Files</Filter>
    </ClInclude>
    <ClInclude Include="external\GL\glxew.h">
      <Filter>Header Files</Filter>
    </ClInclude>
    <ClInclude Include="external\GL\wglew.h">
      <Filter>Header Files</Filter>
    </ClInclude>
    <ClInclude Include="external\GLFW\glfw3.h">
      <Filter>Header Files</Filter>
    </ClInclude>
    <ClInclude Include="external\GLFW\glfw3native.h">
      <Filter>Header Files</Filter>
    </ClInclude>
    <ClInclude Include="external\glm\core\_detail.hpp">
      <Filter>Header Files</Filter>
    </ClInclude>
    <ClInclude Include="external\glm\core\_fixes.hpp">
      <Filter>Header Files</Filter>
    </ClInclude>
    <ClInclude Include="external\glm\core\_swizzle.hpp">
      <Filter>Header Files</Filter>
    </ClInclude>
    <ClInclude Include="external\glm\core\_swizzle_func.hpp">
      <Filter>Header Files</Filter>
    </ClInclude>
    <ClInclude Include="external\glm\core\_vectorize.hpp">
      <Filter>Header Files</Filter>
    </ClInclude>
    <ClInclude Include="external\glm\core\func_common.hpp">
      <Filter>Header Files</Filter>
    </ClInclude>
    <ClInclude Include="external\glm\core\func_exponential.hpp">
      <Filter>Header Files</Filter>
    </ClInclude>
    <ClInclude Include="external\glm\core\func_geometric.hpp">
      <Filter>Header Files</Filter>
    </ClInclude>
    <ClInclude Include="external\glm\core\func_integer.hpp">
      <Filter>Header Files</Filter>
    </ClInclude>
    <ClInclude Include="external\glm\core\func_matrix.hpp">
      <Filter>Header Files</Filter>
    </ClInclude>
    <ClInclude Include="external\glm\core\func_noise.hpp">
      <Filter>Header Files</Filter>
    </ClInclude>
    <ClInclude Include="external\glm\core\func_packing.hpp">
      <Filter>Header Files</Filter>
    </ClInclude>
    <ClInclude Include="external\glm\core\func_trigonometric.hpp">
      <Filter>Header Files</Filter>
    </ClInclude>
    <ClInclude Include="external\glm\core\func_vector_relational.hpp">
      <Filter>Header Files</Filter>
    </ClInclude>
    <ClInclude Include="external\glm\core\hint.hpp">
      <Filter>Header Files</Filter>
    </ClInclude>
    <ClInclude Include="external\glm\core\intrinsic_common.hpp">
      <Filter>Header Files</Filter>
    </ClInclude>
    <ClInclude Include="external\glm\core\intrinsic_exponential.hpp">
      <Filter>Header Files</Filter>
    </ClInclude>
    <ClInclude Include="external\glm\core\intrinsic_geometric.hpp">
      <Filter>Header Files</Filter>
    </ClInclude>
    <ClInclude Include="external\glm\core\intrinsic_matrix.hpp">
      <Filter>Header Files</Filter>
    </ClInclude>
    <ClInclude Include="external\glm\core\intrinsic_trigonometric.hpp">
      <Filter>Header Files</Filter>
    </ClInclude>
    <ClInclude Include="external\glm\core\intrinsic_vector_relational.hpp">
      <Filter>Header Files</Filter>
    </ClInclude>
    <ClInclude Include="external\glm\core\setup.hpp">
      <Filter>Header Files</Filter>
    </ClInclude>
    <ClInclude Include="external\glm\core\type.hpp">
      <Filter>Header Files</Filter>
    </ClInclude>
    <ClInclude Include="external\glm\core\type_float.hpp">
      <Filter>Header Files</Filter>
    </ClInclude>
    <ClInclude Include="external\glm\core\type_gentype.hpp">
      <Filter>Header Files</Filter>
    </ClInclude>
    <ClInclude Include="external\glm\core\type_half.hpp">
      <Filter>Header Files</Filter>
    </ClInclude>
    <ClInclude Include="external\glm\core\type_int.hpp">
      <Filter>Header Files</Filter>
    </ClInclude>
    <ClInclude Include="external\glm\core\type_mat.hpp">
      <Filter>Header Files</Filter>
    </ClInclude>
    <ClInclude Include="external\glm\core\type_mat2x2.hpp">
      <Filter>Header Files</Filter>
    </ClInclude>
    <ClInclude Include="external\glm\core\type_mat2x3.hpp">
      <Filter>Header Files</Filter>
    </ClInclude>
    <ClInclude Include="external\glm\core\type_mat2x4.hpp">
      <Filter>Header Files</Filter>
    </ClInclude>
    <ClInclude Include="external\glm\core\type_mat3x2.hpp">
      <Filter>Header Files</Filter>
    </ClInclude>
    <ClInclude Include="external\glm\core\type_mat3x3.hpp">
      <Filter>Header Files</Filter>
    </ClInclude>
    <ClInclude Include="external\glm\core\type_mat3x4.hpp">
      <Filter>Header Files</Filter>
    </ClInclude>
    <ClInclude Include="external\glm\core\type_mat4x2.hpp">
      <Filter>Header Files</Filter>
    </ClInclude>
    <ClInclude Include="external\glm\core\type_mat4x3.hpp">
      <Filter>Header Files</Filter>
    </ClInclude>
    <ClInclude Include="external\glm\core\type_mat4x4.hpp">
      <Filter>Header Files</Filter>
    </ClInclude>
    <ClInclude Include="external\glm\core\type_size.hpp">
      <Filter>Header Files</Filter>
    </ClInclude>
    <ClInclude Include="external\glm\core\type_vec.hpp">
      <Filter>Header Files</Filter>
    </ClInclude>
    <ClInclude Include="external\glm\core\type_vec1.hpp">
      <Filter>Header Files</Filter>
    </ClInclude>
    <ClInclude Include="external\glm\core\type_vec2.hpp">
      <Filter>Header Files</Filter>
    </ClInclude>
    <ClInclude Include="external\glm\core\type_vec3.hpp">
      <Filter>Header Files</Filter>
    </ClInclude>
    <ClInclude Include="external\glm\core\type_vec4.hpp">
      <Filter>Header Files</Filter>
    </ClInclude>
    <ClInclude Include="external\glm\gtc\constants.hpp">
      <Filter>Header Files</Filter>
    </ClInclude>
    <ClInclude Include="external\glm\gtc\epsilon.hpp">
      <Filter>Header Files</Filter>
    </ClInclude>
    <ClInclude Include="external\glm\gtc\half_float.hpp">
      <Filter>Header Files</Filter>
    </ClInclude>
    <ClInclude Include="external\glm\gtc\matrix_access.hpp">
      <Filter>Header Files</Filter>
    </ClInclude>
    <ClInclude Include="external\glm\gtc\matrix_integer.hpp">
      <Filter>Header Files</Filter>
    </ClInclude>
    <ClInclude Include="external\glm\gtc\matrix_inverse.hpp">
      <Filter>Header Files</Filter>
    </ClInclude>
    <ClInclude Include="external\glm\gtc\matrix_transform.hpp">
      <Filter>Header Files</Filter>
    </ClInclude>
    <ClInclude Include="external\glm\gtc\noise.hpp">
      <Filter>Header Files</Filter>
    </ClInclude>
    <ClInclude Include="external\glm\gtc\quaternion.hpp">
      <Filter>Header Files</Filter>
    </ClInclude>
    <ClInclude Include="external\glm\gtc\random.hpp">
      <Filter>Header Files</Filter>
    </ClInclude>
    <ClInclude Include="external\glm\gtc\reciprocal.hpp">
      <Filter>Header Files</Filter>
    </ClInclude>
    <ClInclude Include="external\glm\gtc\swizzle.hpp">
      <Filter>Header Files</Filter>
    </ClInclude>
    <ClInclude Include="external\glm\gtc\type_precision.hpp">
      <Filter>Header Files</Filter>
    </ClInclude>
    <ClInclude Include="external\glm\gtc\type_ptr.hpp">
      <Filter>Header Files</Filter>
    </ClInclude>
    <ClInclude Include="external\glm\gtc\ulp.hpp">
      <Filter>Header Files</Filter>
    </ClInclude>
    <ClInclude Include="external\glm\gtx\associated_min_max.hpp">
      <Filter>Header Files</Filter>
    </ClInclude>
    <ClInclude Include="external\glm\gtx\bit.hpp">
      <Filter>Header Files</Filter>
    </ClInclude>
    <ClInclude Include="external\glm\gtx\closest_point.hpp">
      <Filter>Header Files</Filter>
    </ClInclude>
    <ClInclude Include="external\glm\gtx\color_cast.hpp">
      <Filter>Header Files</Filter>
    </ClInclude>
    <ClInclude Include="external\glm\gtx\color_space.hpp">
      <Filter>Header Files</Filter>
    </ClInclude>
    <ClInclude Include="external\glm\gtx\color_space_YCoCg.hpp">
      <Filter>Header Files</Filter>
    </ClInclude>
    <ClInclude Include="external\glm\gtx\compatibility.hpp">
      <Filter>Header Files</Filter>
    </ClInclude>
    <ClInclude Include="external\glm\gtx\component_wise.hpp">
      <Filter>Header Files</Filter>
    </ClInclude>
    <ClInclude Include="external\glm\gtx\constants.hpp">
      <Filter>Header Files</Filter>
    </ClInclude>
    <ClInclude Include="external\glm\gtx\epsilon.hpp">
      <Filter>Header Files</Filter>
    </ClInclude>
    <ClInclude Include="external\glm\gtx\euler_angles.hpp">
      <Filter>Header Files</Filter>
    </ClInclude>
    <ClInclude Include="external\glm\gtx\extend.hpp">
      <Filter>Header Files</Filter>
    </ClInclude>
    <ClInclude Include="external\glm\gtx\extented_min_max.hpp">
      <Filter>Header Files</Filter>
    </ClInclude>
    <ClInclude Include="external\glm\gtx\fast_exponential.hpp">
      <Filter>Header Files</Filter>
    </ClInclude>
    <ClInclude Include="external\glm\gtx\fast_square_root.hpp">
      <Filter>Header Files</Filter>
    </ClInclude>
    <ClInclude Include="external\glm\gtx\fast_trigonometry.hpp">
      <Filter>Header Files</Filter>
    </ClInclude>
    <ClInclude Include="external\glm\gtx\gradient_paint.hpp">
      <Filter>Header Files</Filter>
    </ClInclude>
    <ClInclude Include="external\glm\gtx\handed_coordinate_space.hpp">
      <Filter>Header Files</Filter>
    </ClInclude>
    <ClInclude Include="external\glm\gtx\inertia.hpp">
      <Filter>Header Files</Filter>
    </ClInclude>
    <ClInclude Include="external\glm\gtx\int_10_10_10_2.hpp">
      <Filter>Header Files</Filter>
    </ClInclude>
    <ClInclude Include="external\glm\gtx\integer.hpp">
      <Filter>Header Files</Filter>
    </ClInclude>
    <ClInclude Include="external\glm\gtx\intersect.hpp">
      <Filter>Header Files</Filter>
    </ClInclude>
    <ClInclude Include="external\glm\gtx\log_base.hpp">
      <Filter>Header Files</Filter>
    </ClInclude>
    <ClInclude Include="external\glm\gtx\matrix_cross_product.hpp">
      <Filter>Header Files</Filter>
    </ClInclude>
    <ClInclude Include="external\glm\gtx\matrix_interpolation.hpp">
      <Filter>Header Files</Filter>
    </ClInclude>
    <ClInclude Include="external\glm\gtx\matrix_major_storage.hpp">
      <Filter>Header Files</Filter>
    </ClInclude>
    <ClInclude Include="external\glm\gtx\matrix_operation.hpp">
      <Filter>Header Files</Filter>
    </ClInclude>
    <ClInclude Include="external\glm\gtx\matrix_query.hpp">
      <Filter>Header Files</Filter>
    </ClInclude>
    <ClInclude Include="external\glm\gtx\mixed_product.hpp">
      <Filter>Header Files</Filter>
    </ClInclude>
    <ClInclude Include="external\glm\gtx\multiple.hpp">
      <Filter>Header Files</Filter>
    </ClInclude>
    <ClInclude Include="external\glm\gtx\noise.hpp">
      <Filter>Header Files</Filter>
    </ClInclude>
    <ClInclude Include="external\glm\gtx\norm.hpp">
      <Filter>Header Files</Filter>
    </ClInclude>
    <ClInclude Include="external\glm\gtx\normal.hpp">
      <Filter>Header Files</Filter>
    </ClInclude>
    <ClInclude Include="external\glm\gtx\normalize_dot.hpp">
      <Filter>Header Files</Filter>
    </ClInclude>
    <ClInclude Include="external\glm\gtx\number_precision.hpp">
      <Filter>Header Files</Filter>
    </ClInclude>
    <ClInclude Include="external\glm\gtx\ocl_type.hpp">
      <Filter>Header Files</Filter>
    </ClInclude>
    <ClInclude Include="external\glm\gtx\optimum_pow.hpp">
      <Filter>Header Files</Filter>
    </ClInclude>
    <ClInclude Include="external\glm\gtx\orthonormalize.hpp">
      <Filter>Header Files</Filter>
    </ClInclude>
    <ClInclude Include="external\glm\gtx\perpendicular.hpp">
      <Filter>Header Files</Filter>
    </ClInclude>
    <ClInclude Include="external\glm\gtx\polar_coordinates.hpp">
      <Filter>Header Files</Filter>
    </ClInclude>
    <ClInclude Include="external\glm\gtx\projection.hpp">
      <Filter>Header Files</Filter>
    </ClInclude>
    <ClInclude Include="external\glm\gtx\quaternion.hpp">
      <Filter>Header Files</Filter>
    </ClInclude>
    <ClInclude Include="external\glm\gtx\random.hpp">
      <Filter>Header Files</Filter>
    </ClInclude>
    <ClInclude Include="external\glm\gtx\raw_data.hpp">
      <Filter>Header Files</Filter>
    </ClInclude>
    <ClInclude Include="external\glm\gtx\reciprocal.hpp">
      <Filter>Header Files</Filter>
    </ClInclude>
    <ClInclude Include="external\glm\gtx\rotate_vector.hpp">
      <Filter>Header Files</Filter>
    </ClInclude>
    <ClInclude Include="external\glm\gtx\simd_mat4.hpp">
      <Filter>Header Files</Filter>
    </ClInclude>
    <ClInclude Include="external\glm\gtx\simd_vec4.hpp">
      <Filter>Header Files</Filter>
    </ClInclude>
    <ClInclude Include="external\glm\gtx\spline.hpp">
      <Filter>Header Files</Filter>
    </ClInclude>
    <ClInclude Include="external\glm\gtx\std_based_type.hpp">
      <Filter>Header Files</Filter>
    </ClInclude>
    <ClInclude Include="external\glm\gtx\string_cast.hpp">
      <Filter>Header Files</Filter>
    </ClInclude>
    <ClInclude Include="external\glm\gtx\transform.hpp">
      <Filter>Header Files</Filter>
    </ClInclude>
    <ClInclude Include="external\glm\gtx\transform2.hpp">
      <Filter>Header Files</Filter>
    </ClInclude>
    <ClInclude Include="external\glm\gtx\ulp.hpp">
      <Filter>Header Files</Filter>
    </ClInclude>
    <ClInclude Include="external\glm\gtx\unsigned_int.hpp">
      <Filter>Header Files</Filter>
    </ClInclude>
    <ClInclude Include="external\glm\gtx\vec1.hpp">
      <Filter>Header Files</Filter>
    </ClInclude>
    <ClInclude Include="external\glm\gtx\vector_access.hpp">
      <Filter>Header Files</Filter>
    </ClInclude>
    <ClInclude Include="external\glm\gtx\vector_angle.hpp">
      <Filter>Header Files</Filter>
    </ClInclude>
    <ClInclude Include="external\glm\gtx\vector_query.hpp">
      <Filter>Header Files</Filter>
    </ClInclude>
    <ClInclude Include="external\glm\gtx\verbose_operator.hpp">
      <Filter>Header Files</Filter>
    </ClInclude>
    <ClInclude Include="external\glm\gtx\wrap.hpp">
      <Filter>Header Files</Filter>
    </ClInclude>
    <ClInclude Include="external\glm\virtrev\xstream.hpp">
      <Filter>Header Files</Filter>
    </ClInclude>
    <ClInclude Include="external\glm\ext.hpp">
      <Filter>Header Files</Filter>
    </ClInclude>
    <ClInclude Include="external\glm\glm.hpp">
      <Filter>Header Files</Filter>
    </ClInclude>
  </ItemGroup>
  <ItemGroup>
    <None Include="uml\uml.html" />
    <None Include="uml\uml.docbook" />
    <None Include="uml\xmi.css" />
    <None Include="README" />
    <None Include="uml.pdf" />
    <None Include="uml.xmi" />
    <None Include="UMLProject.zargo" />
    <None Include="data" />
    <None Include=".project" />
    <None Include=".cproject" />
    <None Include="Debug\data" />
    <None Include="Debug\makefile" />
    <None Include="Debug\objects.mk" />
    <None Include="Debug\sources.mk" />
    <None Include="Debug\src\subdir.mk" />
    <None Include="Debug\src\highscore\subdir.mk" />
    <None Include="Debug\src\gamestage\subdir.mk" />
    <None Include="Release\data" />
    <None Include="Release\makefile" />
    <None Include="Release\objects.mk" />
    <None Include="Release\sources.mk" />
    <None Include="Release\tex.lnk" />
    <None Include="Debug\tex.lnk" />
    <None Include="external\glm\core\func_common.inl">
      <Filter>Header Files</Filter>
    </None>
    <None Include="external\glm\core\func_exponential.inl">
      <Filter>Header Files</Filter>
    </None>
    <None Include="external\glm\core\func_geometric.inl">
      <Filter>Header Files</Filter>
    </None>
    <None Include="external\glm\core\func_integer.inl">
      <Filter>Header Files</Filter>
    </None>
    <None Include="external\glm\core\func_matrix.inl">
      <Filter>Header Files</Filter>
    </None>
    <None Include="external\glm\core\func_noise.inl">
      <Filter>Header Files</Filter>
    </None>
    <None Include="external\glm\core\func_packing.inl">
      <Filter>Header Files</Filter>
    </None>
    <None Include="external\glm\core\func_trigonometric.inl">
      <Filter>Header Files</Filter>
    </None>
    <None Include="external\glm\core\func_vector_relational.inl">
      <Filter>Header Files</Filter>
    </None>
    <None Include="external\glm\core\intrinsic_common.inl">
      <Filter>Header Files</Filter>
    </None>
    <None Include="external\glm\core\intrinsic_exponential.inl">
      <Filter>Header Files</Filter>
    </None>
    <None Include="external\glm\core\intrinsic_geometric.inl">
      <Filter>Header Files</Filter>
    </None>
    <None Include="external\glm\core\intrinsic_matrix.inl">
      <Filter>Header Files</Filter>
    </None>
    <None Include="external\glm\core\intrinsic_trigonometric.inl">
      <Filter>Header Files</Filter>
    </None>
    <None Include="external\glm\core\intrinsic_vector_relational.inl">
      <Filter>Header Files</Filter>
    </None>
    <None Include="external\glm\core\type_gentype.inl">
      <Filter>Header Files</Filter>
    </None>
    <None Include="external\glm\core\type_half.inl">
      <Filter>Header Files</Filter>
    </None>
    <None Include="external\glm\core\type_mat.inl">
      <Filter>Header Files</Filter>
    </None>
    <None Include="external\glm\core\type_mat2x2.inl">
      <Filter>Header Files</Filter>
    </None>
    <None Include="external\glm\core\type_mat2x3.inl">
      <Filter>Header Files</Filter>
    </None>
    <None Include="external\glm\core\type_mat2x4.inl">
      <Filter>Header Files</Filter>
    </None>
    <None Include="external\glm\core\type_mat3x2.inl">
      <Filter>Header Files</Filter>
    </None>
    <None Include="external\glm\core\type_mat3x3.inl">
      <Filter>Header Files</Filter>
    </None>
    <None Include="external\glm\core\type_mat3x4.inl">
      <Filter>Header Files</Filter>
    </None>
    <None Include="external\glm\core\type_mat4x2.inl">
      <Filter>Header Files</Filter>
    </None>
    <None Include="external\glm\core\type_mat4x3.inl">
      <Filter>Header Files</Filter>
    </None>
    <None Include="external\glm\core\type_mat4x4.inl">
      <Filter>Header Files</Filter>
    </None>
    <None Include="external\glm\core\type_vec.inl">
      <Filter>Header Files</Filter>
    </None>
    <None Include="external\glm\core\type_vec1.inl">
      <Filter>Header Files</Filter>
    </None>
    <None Include="external\glm\core\type_vec2.inl">
      <Filter>Header Files</Filter>
    </None>
    <None Include="external\glm\core\type_vec3.inl">
      <Filter>Header Files</Filter>
    </None>
    <None Include="external\glm\core\type_vec4.inl">
      <Filter>Header Files</Filter>
    </None>
    <None Include="external\glm\gtc\constants.inl">
      <Filter>Header Files</Filter>
    </None>
    <None Include="external\glm\gtc\epsilon.inl">
      <Filter>Header Files</Filter>
    </None>
    <None Include="external\glm\gtc\half_float.inl">
      <Filter>Header Files</Filter>
    </None>
    <None Include="external\glm\gtc\matrix_access.inl">
      <Filter>Header Files</Filter>
    </None>
    <None Include="external\glm\gtc\matrix_inverse.inl">
      <Filter>Header Files</Filter>
    </None>
    <None Include="external\glm\gtc\matrix_transform.inl">
      <Filter>Header Files</Filter>
    </None>
    <None Include="external\glm\gtc\noise.inl">
      <Filter>Header Files</Filter>
    </None>
    <None Include="external\glm\gtc\quaternion.inl">
      <Filter>Header Files</Filter>
    </None>
    <None Include="external\glm\gtc\random.inl">
      <Filter>Header Files</Filter>
    </None>
    <None Include="external\glm\gtc\reciprocal.inl">
      <Filter>Header Files</Filter>
    </None>
    <None Include="external\glm\gtc\swizzle.inl">
      <Filter>Header Files</Filter>
    </None>
    <None Include="external\glm\gtc\type_precision.inl">
      <Filter>Header Files</Filter>
    </None>
    <None Include="external\glm\gtc\type_ptr.inl">
      <Filter>Header Files</Filter>
    </None>
    <None Include="external\glm\gtc\ulp.inl">
      <Filter>Header Files</Filter>
    </None>
    <None Include="external\glm\gtx\associated_min_max.inl">
      <Filter>Header Files</Filter>
    </None>
    <None Include="external\glm\gtx\bit.inl">
      <Filter>Header Files</Filter>
    </None>
    <None Include="external\glm\gtx\closest_point.inl">
      <Filter>Header Files</Filter>
    </None>
    <None Include="external\glm\gtx\color_cast.inl">
      <Filter>Header Files</Filter>
    </None>
    <None Include="external\glm\gtx\color_space.inl">
      <Filter>Header Files</Filter>
    </None>
    <None Include="external\glm\gtx\color_space_YCoCg.inl">
      <Filter>Header Files</Filter>
    </None>
    <None Include="external\glm\gtx\compatibility.inl">
      <Filter>Header Files</Filter>
    </None>
    <None Include="external\glm\gtx\component_wise.inl">
      <Filter>Header Files</Filter>
    </None>
    <None Include="external\glm\gtx\euler_angles.inl">
      <Filter>Header Files</Filter>
    </None>
    <None Include="external\glm\gtx\extend.inl">
      <Filter>Header Files</Filter>
    </None>
    <None Include="external\glm\gtx\extented_min_max.inl">
      <Filter>Header Files</Filter>
    </None>
    <None Include="external\glm\gtx\fast_exponential.inl">
      <Filter>Header Files</Filter>
    </None>
    <None Include="external\glm\gtx\fast_square_root.inl">
      <Filter>Header Files</Filter>
    </None>
    <None Include="external\glm\gtx\fast_trigonometry.inl">
      <Filter>Header Files</Filter>
    </None>
    <None Include="external\glm\gtx\gradient_paint.inl">
      <Filter>Header Files</Filter>
    </None>
    <None Include="external\glm\gtx\handed_coordinate_space.inl">
      <Filter>Header Files</Filter>
    </None>
    <None Include="external\glm\gtx\inertia.inl">
      <Filter>Header Files</Filter>
    </None>
    <None Include="external\glm\gtx\int_10_10_10_2.inl">
      <Filter>Header Files</Filter>
    </None>
    <None Include="external\glm\gtx\integer.inl">
      <Filter>Header Files</Filter>
    </None>
    <None Include="external\glm\gtx\intersect.inl">
      <Filter>Header Files</Filter>
    </None>
    <None Include="external\glm\gtx\log_base.inl">
      <Filter>Header Files</Filter>
    </None>
    <None Include="external\glm\gtx\matrix_cross_product.inl">
      <Filter>Header Files</Filter>
    </None>
    <None Include="external\glm\gtx\matrix_interpolation.inl">
      <Filter>Header Files</Filter>
    </None>
    <None Include="external\glm\gtx\matrix_major_storage.inl">
      <Filter>Header Files</Filter>
    </None>
    <None Include="external\glm\gtx\matrix_operation.inl">
      <Filter>Header Files</Filter>
    </None>
    <None Include="external\glm\gtx\matrix_query.inl">
      <Filter>Header Files</Filter>
    </None>
    <None Include="external\glm\gtx\mixed_product.inl">
      <Filter>Header Files</Filter>
    </None>
    <None Include="external\glm\gtx\multiple.inl">
      <Filter>Header Files</Filter>
    </None>
    <None Include="external\glm\gtx\norm.inl">
      <Filter>Header Files</Filter>
    </None>
    <None Include="external\glm\gtx\normal.inl">
      <Filter>Header Files</Filter>
    </None>
    <None Include="external\glm\gtx\normalize_dot.inl">
      <Filter>Header Files</Filter>
    </None>
    <None Include="external\glm\gtx\number_precision.inl">
      <Filter>Header Files</Filter>
    </None>
    <None Include="external\glm\gtx\ocl_type.inl">
      <Filter>Header Files</Filter>
    </None>
    <None Include="external\glm\gtx\optimum_pow.inl">
      <Filter>Header Files</Filter>
    </None>
    <None Include="external\glm\gtx\orthonormalize.inl">
      <Filter>Header Files</Filter>
    </None>
    <None Include="external\glm\gtx\perpendicular.inl">
      <Filter>Header Files</Filter>
    </None>
    <None Include="external\glm\gtx\polar_coordinates.inl">
      <Filter>Header Files</Filter>
    </None>
    <None Include="external\glm\gtx\projection.inl">
      <Filter>Header Files</Filter>
    </None>
    <None Include="external\glm\gtx\quaternion.inl">
      <Filter>Header Files</Filter>
    </None>
    <None Include="external\glm\gtx\raw_data.inl">
      <Filter>Header Files</Filter>
    </None>
    <None Include="external\glm\gtx\rotate_vector.inl">
      <Filter>Header Files</Filter>
    </None>
    <None Include="external\glm\gtx\simd_mat4.inl">
      <Filter>Header Files</Filter>
    </None>
    <None Include="external\glm\gtx\simd_vec4.inl">
      <Filter>Header Files</Filter>
    </None>
    <None Include="external\glm\gtx\spline.inl">
      <Filter>Header Files</Filter>
    </None>
    <None Include="external\glm\gtx\std_based_type.inl">
      <Filter>Header Files</Filter>
    </None>
    <None Include="external\glm\gtx\string_cast.inl">
      <Filter>Header Files</Filter>
    </None>
    <None Include="external\glm\gtx\transform.inl">
      <Filter>Header Files</Filter>
    </None>
    <None Include="external\glm\gtx\transform2.inl">
      <Filter>Header Files</Filter>
    </None>
    <None Include="external\glm\gtx\unsigned_int.inl">
      <Filter>Header Files</Filter>
    </None>
    <None Include="external\glm\gtx\vec1.inl">
      <Filter>Header Files</Filter>
    </None>
    <None Include="external\glm\gtx\vector_access.inl">
      <Filter>Header Files</Filter>
    </None>
    <None Include="external\glm\gtx\vector_angle.inl">
      <Filter>Header Files</Filter>
    </None>
    <None Include="external\glm\gtx\vector_query.inl">
      <Filter>Header Files</Filter>
    </None>
    <None Include="external\glm\gtx\verbose_operator.inl">
      <Filter>Header Files</Filter>
    </None>
    <None Include="external\glm\gtx\wrap.inl">
      <Filter>Header Files</Filter>
    </None>
  </ItemGroup>
  <ItemGroup>
    <Image Include="tex\logo.png">
      <Filter>Resource Files</Filter>
    </Image>
    <Image Include="tex\tex_0.png">
      <Filter>Resource Files</Filter>
    </Image>
    <Image Include="tex\tex_1.png">
      <Filter>Resource Files</Filter>
    </Image>
    <Image Include="tex\tex_2.png">
      <Filter>Resource Files</Filter>
    </Image>
    <Image Include="tex\tex_4.png">
      <Filter>Resource Files</Filter>
    </Image>
    <Image Include="tex\tex_3.png">
      <Filter>Resource Files</Filter>
    </Image>
    <Image Include="tex\tex_5.png">
      <Filter>Resource Files</Filter>
    </Image>
    <Image Include="tex\tex_7.png">
      <Filter>Resource Files</Filter>
    </Image>
    <Image Include="tex\tex_6.png">
      <Filter>Resource Files</Filter>
    </Image>
    <Image Include="tex\tex_8.png">
      <Filter>Resource Files</Filter>
    </Image>
    <Image Include="tex\tex_jump.png">
      <Filter>Resource Files</Filter>
    </Image>
    <Image Include="tex\tex_9.png">
      <Filter>Resource Files</Filter>
    </Image>
    <Image Include="tex\tex_speed.png">
      <Filter>Resource Files</Filter>
    </Image>
    <Image Include="uml\class diagram.png">
      <Filter>Resource Files</Filter>
    </Image>
    <Image Include="tex\button_name.png">
      <Filter>Resource Files</Filter>
    </Image>
    <Image Include="tex\button_play.png">
      <Filter>Resource Files</Filter>
    </Image>
    <Image Include="tex\button_quit.png">
      <Filter>Resource Files</Filter>
    </Image>
  </ItemGroup>
</Project>